
Microsoft Visual Studio Solution File, Format Version 12.00
# Visual Studio Version 16
VisualStudioVersion = 16.0.30907.101
MinimumVisualStudioVersion = 10.0.40219.1
Project("{9A19103F-16F7-4668-BE54-9A1E7A4F7556}") = "Business", "Business\Business.csproj", "{307DAB07-99B1-410B-BEDC-E19182E30607}"
EndProject
Project("{9A19103F-16F7-4668-BE54-9A1E7A4F7556}") = "DataAccess", "DataAccess\DataAccess.csproj", "{A2DA2833-8C68-450B-A592-72B6C4A73538}"
EndProject
Project("{9A19103F-16F7-4668-BE54-9A1E7A4F7556}") = "Entities", "Entities\Entities.csproj", "{ED83045F-7A17-481C-8055-FDDBBFAF2625}"
EndProject
Project("{9A19103F-16F7-4668-BE54-9A1E7A4F7556}") = "ConsoleUI", "ConsoleUI\ConsoleUI.csproj", "{6E146CC4-3CBD-4F3E-BBBF-F1955D8C9676}"
EndProject
Project("{9A19103F-16F7-4668-BE54-9A1E7A4F7556}") = "Core", "Core\Core.csproj", "{FCAE31DE-3CF8-4F3E-B692-EFFA14E18265}"
EndProject
Project("{FAE04EC0-301F-11D3-BF4B-00C04F79EFBC}") = "WebAPI", "WebAPI\WebAPI.csproj", "{49A0A7EF-0E0A-4186-81EE-18CE275B2E37}"
EndProject
Global
	GlobalSection(SolutionConfigurationPlatforms) = preSolution
		Debug|Any CPU = Debug|Any CPU
		Release|Any CPU = Release|Any CPU
	EndGlobalSection
	GlobalSection(ProjectConfigurationPlatforms) = postSolution
		{307DAB07-99B1-410B-BEDC-E19182E30607}.Debug|Any CPU.ActiveCfg = Debug|Any CPU
		{307DAB07-99B1-410B-BEDC-E19182E30607}.Debug|Any CPU.Build.0 = Debug|Any CPU
		{307DAB07-99B1-410B-BEDC-E19182E30607}.Release|Any CPU.ActiveCfg = Release|Any CPU
		{307DAB07-99B1-410B-BEDC-E19182E30607}.Release|Any CPU.Build.0 = Release|Any CPU
		{A2DA2833-8C68-450B-A592-72B6C4A73538}.Debug|Any CPU.ActiveCfg = Debug|Any CPU
		{A2DA2833-8C68-450B-A592-72B6C4A73538}.Debug|Any CPU.Build.0 = Debug|Any CPU
		{A2DA2833-8C68-450B-A592-72B6C4A73538}.Release|Any CPU.ActiveCfg = Release|Any CPU
		{A2DA2833-8C68-450B-A592-72B6C4A73538}.Release|Any CPU.Build.0 = Release|Any CPU
		{ED83045F-7A17-481C-8055-FDDBBFAF2625}.Debug|Any CPU.ActiveCfg = Debug|Any CPU
		{ED83045F-7A17-481C-8055-FDDBBFAF2625}.Debug|Any CPU.Build.0 = Debug|Any CPU
		{ED83045F-7A17-481C-8055-FDDBBFAF2625}.Release|Any CPU.ActiveCfg = Release|Any CPU
		{ED83045F-7A17-481C-8055-FDDBBFAF2625}.Release|Any CPU.Build.0 = Release|Any CPU
		{6E146CC4-3CBD-4F3E-BBBF-F1955D8C9676}.Debug|Any CPU.ActiveCfg = Debug|Any CPU
		{6E146CC4-3CBD-4F3E-BBBF-F1955D8C9676}.Debug|Any CPU.Build.0 = Debug|Any CPU
		{6E146CC4-3CBD-4F3E-BBBF-F1955D8C9676}.Release|Any CPU.ActiveCfg = Release|Any CPU
		{6E146CC4-3CBD-4F3E-BBBF-F1955D8C9676}.Release|Any CPU.Build.0 = Release|Any CPU
		{FCAE31DE-3CF8-4F3E-B692-EFFA14E18265}.Debug|Any CPU.ActiveCfg = Debug|Any CPU
		{FCAE31DE-3CF8-4F3E-B692-EFFA14E18265}.Debug|Any CPU.Build.0 = Debug|Any CPU
		{FCAE31DE-3CF8-4F3E-B692-EFFA14E18265}.Release|Any CPU.ActiveCfg = Release|Any CPU
		{FCAE31DE-3CF8-4F3E-B692-EFFA14E18265}.Release|Any CPU.Build.0 = Release|Any CPU
		{49A0A7EF-0E0A-4186-81EE-18CE275B2E37}.Debug|Any CPU.ActiveCfg = Debug|Any CPU
		{49A0A7EF-0E0A-4186-81EE-18CE275B2E37}.Debug|Any CPU.Build.0 = Debug|Any CPU
		{49A0A7EF-0E0A-4186-81EE-18CE275B2E37}.Release|Any CPU.ActiveCfg = Release|Any CPU
		{49A0A7EF-0E0A-4186-81EE-18CE275B2E37}.Release|Any CPU.Build.0 = Release|Any CPU
	EndGlobalSection
	GlobalSection(SolutionProperties) = preSolution
		HideSolutionNode = FALSE
	EndGlobalSection
	GlobalSection(ExtensibilityGlobals) = postSolution
		SolutionGuid = {8A9873E1-42CD-4ED2-824E-DF33DC22D074}
	EndGlobalSection
EndGlobal
